
Microsoft Visual Studio Solution File, Format Version 12.00
# Visual Studio Version 16
VisualStudioVersion = 16.0.30002.166
MinimumVisualStudioVersion = 10.0.40219.1
Project("{FAE04EC0-301F-11D3-BF4B-00C04F79EFBC}") = "Identity", "Identity\Identity.csproj", "{82C06C49-682F-48B0-96AD-544C83A3FDFE}"
EndProject
Global
	GlobalSection(SolutionConfigurationPlatforms) = preSolution
		Debug|Any CPU = Debug|Any CPU
		Release|Any CPU = Release|Any CPU
	EndGlobalSection
	GlobalSection(ProjectConfigurationPlatforms) = postSolution
		{82C06C49-682F-48B0-96AD-544C83A3FDFE}.Debug|Any CPU.ActiveCfg = Debug|Any CPU
		{82C06C49-682F-48B0-96AD-544C83A3FDFE}.Debug|Any CPU.Build.0 = Debug|Any CPU
		{82C06C49-682F-48B0-96AD-544C83A3FDFE}.Release|Any CPU.ActiveCfg = Release|Any CPU
		{82C06C49-682F-48B0-96AD-544C83A3FDFE}.Release|Any CPU.Build.0 = Release|Any CPU
	EndGlobalSection
	GlobalSection(SolutionProperties) = preSolution
		HideSolutionNode = FALSE
	EndGlobalSection
	GlobalSection(ExtensibilityGlobals) = postSolution
		SolutionGuid = {AFD0F31E-F7E4-4DB2-AC68-B5D932B538DD}
	EndGlobalSection
EndGlobal
